
Microsoft Visual Studio Solution File, Format Version 12.00
# Visual Studio Version 16
VisualStudioVersion = 16.0.31019.35
MinimumVisualStudioVersion = 10.0.40219.1
Project("{FAE04EC0-301F-11D3-BF4B-00C04F79EFBC}") = "ServerMandelbrot", "ClientMandelbrot\ServerMandelbrot.csproj", "{273A1A24-2EA3-42E1-B963-C4C37954C0D9}"
EndProject
Project("{FAE04EC0-301F-11D3-BF4B-00C04F79EFBC}") = "MainMandelbrot", "MainMandelbrot\MainMandelbrot.csproj", "{A5220504-4F20-4AE4-91F7-8A7257C4575B}"
EndProject
Global
	GlobalSection(SolutionConfigurationPlatforms) = preSolution
		Debug|Any CPU = Debug|Any CPU
		Release|Any CPU = Release|Any CPU
	EndGlobalSection
	GlobalSection(ProjectConfigurationPlatforms) = postSolution
		{273A1A24-2EA3-42E1-B963-C4C37954C0D9}.Debug|Any CPU.ActiveCfg = Debug|Any CPU
		{273A1A24-2EA3-42E1-B963-C4C37954C0D9}.Debug|Any CPU.Build.0 = Debug|Any CPU
		{273A1A24-2EA3-42E1-B963-C4C37954C0D9}.Release|Any CPU.ActiveCfg = Release|Any CPU
		{273A1A24-2EA3-42E1-B963-C4C37954C0D9}.Release|Any CPU.Build.0 = Release|Any CPU
		{A5220504-4F20-4AE4-91F7-8A7257C4575B}.Debug|Any CPU.ActiveCfg = Debug|Any CPU
		{A5220504-4F20-4AE4-91F7-8A7257C4575B}.Debug|Any CPU.Build.0 = Debug|Any CPU
		{A5220504-4F20-4AE4-91F7-8A7257C4575B}.Release|Any CPU.ActiveCfg = Release|Any CPU
		{A5220504-4F20-4AE4-91F7-8A7257C4575B}.Release|Any CPU.Build.0 = Release|Any CPU
	EndGlobalSection
	GlobalSection(SolutionProperties) = preSolution
		HideSolutionNode = FALSE
	EndGlobalSection
	GlobalSection(ExtensibilityGlobals) = postSolution
		SolutionGuid = {6B42A88C-864B-4A6F-B586-55454CB7E7D6}
	EndGlobalSection
EndGlobal
